
Microsoft Visual Studio Solution File, Format Version 12.00
# Visual Studio 14
VisualStudioVersion = 14.0.25420.1
MinimumVisualStudioVersion = 10.0.40219.1
Project("{FAE04EC0-301F-11D3-BF4B-00C04F79EFBC}") = "Foundatio", "src\Foundatio\Foundatio.csproj", "{9C95F8AE-8945-4A5B-89EA-D2AFD38752EF}"
EndProject
Project("{FAE04EC0-301F-11D3-BF4B-00C04F79EFBC}") = "Foundatio.Redis", "src\Foundatio.Redis\Foundatio.Redis.csproj", "{E2029C76-1003-4A72-8407-81DDF4B2B102}"
EndProject
Global
	GlobalSection(SolutionConfigurationPlatforms) = preSolution
		Debug|Any CPU = Debug|Any CPU
		Release|Any CPU = Release|Any CPU
	EndGlobalSection
	GlobalSection(ProjectConfigurationPlatforms) = postSolution
		{9C95F8AE-8945-4A5B-89EA-D2AFD38752EF}.Debug|Any CPU.ActiveCfg = Debug|Any CPU
		{9C95F8AE-8945-4A5B-89EA-D2AFD38752EF}.Debug|Any CPU.Build.0 = Debug|Any CPU
		{9C95F8AE-8945-4A5B-89EA-D2AFD38752EF}.Release|Any CPU.ActiveCfg = Release|Any CPU
		{9C95F8AE-8945-4A5B-89EA-D2AFD38752EF}.Release|Any CPU.Build.0 = Release|Any CPU
		{E2029C76-1003-4A72-8407-81DDF4B2B102}.Debug|Any CPU.ActiveCfg = Debug|Any CPU
		{E2029C76-1003-4A72-8407-81DDF4B2B102}.Debug|Any CPU.Build.0 = Debug|Any CPU
		{E2029C76-1003-4A72-8407-81DDF4B2B102}.Release|Any CPU.ActiveCfg = Release|Any CPU
		{E2029C76-1003-4A72-8407-81DDF4B2B102}.Release|Any CPU.Build.0 = Release|Any CPU
	EndGlobalSection
	GlobalSection(SolutionProperties) = preSolution
		HideSolutionNode = FALSE
	EndGlobalSection
EndGlobal
